
Microsoft Visual Studio Solution File, Format Version 12.00
# Visual Studio 15
VisualStudioVersion = 15.0.33529.398
MinimumVisualStudioVersion = 10.0.40219.1
Project("{FAE04EC0-301F-11D3-BF4B-00C04F79EFBC}") = "Yeni_Telefon_Rehberi", "Yeni_Telefon_Rehberi\Yeni_Telefon_Rehberi.csproj", "{422A9D2B-A53F-4CC0-A296-96488E41149B}"
EndProject
Global
	GlobalSection(SolutionConfigurationPlatforms) = preSolution
		Debug|Any CPU = Debug|Any CPU
		Release|Any CPU = Release|Any CPU
	EndGlobalSection
	GlobalSection(ProjectConfigurationPlatforms) = postSolution
		{422A9D2B-A53F-4CC0-A296-96488E41149B}.Debug|Any CPU.ActiveCfg = Debug|Any CPU
		{422A9D2B-A53F-4CC0-A296-96488E41149B}.Debug|Any CPU.Build.0 = Debug|Any CPU
		{422A9D2B-A53F-4CC0-A296-96488E41149B}.Release|Any CPU.ActiveCfg = Release|Any CPU
		{422A9D2B-A53F-4CC0-A296-96488E41149B}.Release|Any CPU.Build.0 = Release|Any CPU
	EndGlobalSection
	GlobalSection(SolutionProperties) = preSolution
		HideSolutionNode = FALSE
	EndGlobalSection
	GlobalSection(ExtensibilityGlobals) = postSolution
		SolutionGuid = {317107B1-23F1-462A-B2AA-4822B650951D}
	EndGlobalSection
EndGlobal
